<Solution>
  <Folder Name="/aspire/">
    <Project Path="FullText.AppHost/FullText.AppHost.csproj" />
    <Project Path="FullText.ServiceDefaults/FullText.ServiceDefaults.csproj" />
  </Folder>
  <Folder Name="/Solution Items/">
    <File Path="README.md" />
  </Folder>
  <Folder Name="/src/">
    <Project Path="src/FullText.API/FullText.API.csproj" />
  </Folder>
</Solution>
